
Microsoft Visual Studio Solution File, Format Version 12.00
# Visual Studio 15
VisualStudioVersion = 15.0.27428.2037
MinimumVisualStudioVersion = 10.0.40219.1
Project("{FAE04EC0-301F-11D3-BF4B-00C04F79EFBC}") = "01.Crossroads", "01.Crossroads\01.Crossroads.csproj", "{3EA522D9-9BA0-4206-988D-3EE6EA31CA08}"
EndProject
Project("{FAE04EC0-301F-11D3-BF4B-00C04F79EFBC}") = "03.TicketTrouble", "03.TicketTrouble\03.TicketTrouble.csproj", "{8A3D4846-D4E3-41DF-8353-8CF960033473}"
EndProject
Project("{FAE04EC0-301F-11D3-BF4B-00C04F79EFBC}") = "04.MovieTime", "04.MovieTime\04.MovieTime.csproj", "{969499F9-3917-44BB-9A8B-701722D79945}"
EndProject
Project("{FAE04EC0-301F-11D3-BF4B-00C04F79EFBC}") = "02.ParkingFeud", "02.ParkingFeud\02.ParkingFeud.csproj", "{EB3F07F0-27F7-4DE6-8498-D42A3BA329A3}"
EndProject
Global
	GlobalSection(SolutionConfigurationPlatforms) = preSolution
		Debug|Any CPU = Debug|Any CPU
		Release|Any CPU = Release|Any CPU
	EndGlobalSection
	GlobalSection(ProjectConfigurationPlatforms) = postSolution
		{3EA522D9-9BA0-4206-988D-3EE6EA31CA08}.Debug|Any CPU.ActiveCfg = Debug|Any CPU
		{3EA522D9-9BA0-4206-988D-3EE6EA31CA08}.Debug|Any CPU.Build.0 = Debug|Any CPU
		{3EA522D9-9BA0-4206-988D-3EE6EA31CA08}.Release|Any CPU.ActiveCfg = Release|Any CPU
		{3EA522D9-9BA0-4206-988D-3EE6EA31CA08}.Release|Any CPU.Build.0 = Release|Any CPU
		{8A3D4846-D4E3-41DF-8353-8CF960033473}.Debug|Any CPU.ActiveCfg = Debug|Any CPU
		{8A3D4846-D4E3-41DF-8353-8CF960033473}.Debug|Any CPU.Build.0 = Debug|Any CPU
		{8A3D4846-D4E3-41DF-8353-8CF960033473}.Release|Any CPU.ActiveCfg = Release|Any CPU
		{8A3D4846-D4E3-41DF-8353-8CF960033473}.Release|Any CPU.Build.0 = Release|Any CPU
		{969499F9-3917-44BB-9A8B-701722D79945}.Debug|Any CPU.ActiveCfg = Debug|Any CPU
		{969499F9-3917-44BB-9A8B-701722D79945}.Debug|Any CPU.Build.0 = Debug|Any CPU
		{969499F9-3917-44BB-9A8B-701722D79945}.Release|Any CPU.ActiveCfg = Release|Any CPU
		{969499F9-3917-44BB-9A8B-701722D79945}.Release|Any CPU.Build.0 = Release|Any CPU
		{EB3F07F0-27F7-4DE6-8498-D42A3BA329A3}.Debug|Any CPU.ActiveCfg = Debug|Any CPU
		{EB3F07F0-27F7-4DE6-8498-D42A3BA329A3}.Debug|Any CPU.Build.0 = Debug|Any CPU
		{EB3F07F0-27F7-4DE6-8498-D42A3BA329A3}.Release|Any CPU.ActiveCfg = Release|Any CPU
		{EB3F07F0-27F7-4DE6-8498-D42A3BA329A3}.Release|Any CPU.Build.0 = Release|Any CPU
	EndGlobalSection
	GlobalSection(SolutionProperties) = preSolution
		HideSolutionNode = FALSE
	EndGlobalSection
	GlobalSection(ExtensibilityGlobals) = postSolution
		SolutionGuid = {FA61F2F7-EECA-4560-85F8-841A611366A1}
	EndGlobalSection
EndGlobal
